
Microsoft Visual Studio Solution File, Format Version 12.00
# Visual Studio Version 16
VisualStudioVersion = 16.0.33927.289
MinimumVisualStudioVersion = 10.0.40219.1
Project("{2150E333-8FDC-42A3-9474-1A3956D46DE8}") = "Task0", "Task0", "{3C3090DB-C19F-4A49-8988-AAF8323C29F2}"
EndProject
Project("{FAE04EC0-301F-11D3-BF4B-00C04F79EFBC}") = "Tyuiu.ButakovIK.Sprint1.Task0.V3", "Tyuiu.ButakovIK.Sprint1.Task0.V3\Tyuiu.ButakovIK.Sprint1.Task0.V3.csproj", "{6DBC75E5-0ED8-4922-BC3A-730FABD73D73}"
EndProject
Project("{FAE04EC0-301F-11D3-BF4B-00C04F79EFBC}") = "Tyuiu.ButakovIK.Sprint1.Task0.V3.Lib", "Tyuiu.ButakovIK.Sprint1.Task0.V3.Lib\Tyuiu.ButakovIK.Sprint1.Task0.V3.Lib.csproj", "{EEA6D687-936A-4061-A55E-B131122865BA}"
EndProject
Project("{FAE04EC0-301F-11D3-BF4B-00C04F79EFBC}") = "Tyuiu.ButakovIK.Sprint1.Task0.V3.Test", "Tyuiu.ButakovIK.Sprint1.Task0.V3.Test\Tyuiu.ButakovIK.Sprint1.Task0.V3.Test.csproj", "{6942E44F-06C5-4B32-B234-BEE15CD2A3E8}"
EndProject
Project("{2150E333-8FDC-42A3-9474-1A3956D46DE8}") = "Task1", "Task1", "{FC1AAEC8-472A-4B90-B058-EFDE9E0A7B1E}"
EndProject
Project("{FAE04EC0-301F-11D3-BF4B-00C04F79EFBC}") = "Tyuiu.ButakovIK.Sprint1.Task1.V10", "Tyuiu.ButakovIK.Sprint1.Task1.V10\Tyuiu.ButakovIK.Sprint1.Task1.V10.csproj", "{6A4DC5FC-5C1A-4653-821F-C41FE06C2A77}"
EndProject
Project("{FAE04EC0-301F-11D3-BF4B-00C04F79EFBC}") = "Tyuiu.ButakovIK.Sprint1.Task1.V10.Lib", "Tyuiu.ButakovIK.Sprint1.Task1.V10.Lib\Tyuiu.ButakovIK.Sprint1.Task1.V10.Lib.csproj", "{0DA62195-3274-4854-91EB-91913C8F1C65}"
EndProject
Project("{FAE04EC0-301F-11D3-BF4B-00C04F79EFBC}") = "Tyuiu.ButakovIK.Sprint1.Task1.V10.Test", "Tyuiu.ButakovIK.Sprint1.Task1.V10.Test\Tyuiu.ButakovIK.Sprint1.Task1.V10.Test.csproj", "{2BD9993B-78A6-4671-9C11-EE52443CA6D5}"
EndProject
Project("{2150E333-8FDC-42A3-9474-1A3956D46DE8}") = "Task2", "Task2", "{4B923BDA-2BC6-4424-A177-CB49C8ED1E35}"
EndProject
Project("{FAE04EC0-301F-11D3-BF4B-00C04F79EFBC}") = "Tyuiu.ButakovIK.Sprint1.Task2.V25", "Tyuiu.ButakovIK.Sprint1.Task2.V25\Tyuiu.ButakovIK.Sprint1.Task2.V25.csproj", "{959DDD38-B635-4F13-9A9F-E7F3CCB2B003}"
EndProject
Project("{FAE04EC0-301F-11D3-BF4B-00C04F79EFBC}") = "Tyuiu.ButakovIK.Sprint1.Task2.V25.Lib", "Tyuiu.ButakovIK.Sprint1.Task2.V25.Lib\Tyuiu.ButakovIK.Sprint1.Task2.V25.Lib.csproj", "{646FA0FC-0542-4D8A-9F20-C7BB048BD5C6}"
EndProject
Project("{FAE04EC0-301F-11D3-BF4B-00C04F79EFBC}") = "Tyuiu.ButakovIK.Sprint1.Task2.V25.Test", "Tyuiu.ButakovIK.Sprint1.Task2.V25.Test\Tyuiu.ButakovIK.Sprint1.Task2.V25.Test.csproj", "{C375CB9F-318B-428C-92A1-4F5AEA1A900B}"
EndProject
Project("{2150E333-8FDC-42A3-9474-1A3956D46DE8}") = "Task3", "Task3", "{D3D1CE34-9BAC-441B-BC34-02383EF7DFC5}"
EndProject
Project("{FAE04EC0-301F-11D3-BF4B-00C04F79EFBC}") = "Tyuiu.ButakovIK.Sprint1.Task3.V8", "Tyuiu.ButakovIK.Sprint1.Task3.V8\Tyuiu.ButakovIK.Sprint1.Task3.V8.csproj", "{71775ABB-B8D3-450B-8F0A-B07DB89B7611}"
EndProject
Project("{FAE04EC0-301F-11D3-BF4B-00C04F79EFBC}") = "Tyuiu.ButakovIK.Sprint1.Task3.V8.Test", "Tyuiu.ButakovIK.Sprint1.Task3.V8.Test\Tyuiu.ButakovIK.Sprint1.Task3.V8.Test.csproj", "{C7BF9701-2CD2-43DD-B912-DFF5418E1558}"
EndProject
Project("{FAE04EC0-301F-11D3-BF4B-00C04F79EFBC}") = "Tyuiu.ButakovIK.Sprint1.Task3.V8.Lib", "Tyuiu.ButakovIK.Sprint1.Task3.V8.Lib\Tyuiu.ButakovIK.Sprint1.Task3.V8.Lib.csproj", "{8644C1E8-AE90-476C-B70D-D52C11B292EB}"
EndProject
Global
	GlobalSection(SolutionConfigurationPlatforms) = preSolution
		Debug|Any CPU = Debug|Any CPU
		Release|Any CPU = Release|Any CPU
	EndGlobalSection
	GlobalSection(ProjectConfigurationPlatforms) = postSolution
		{6DBC75E5-0ED8-4922-BC3A-730FABD73D73}.Debug|Any CPU.ActiveCfg = Debug|Any CPU
		{6DBC75E5-0ED8-4922-BC3A-730FABD73D73}.Debug|Any CPU.Build.0 = Debug|Any CPU
		{6DBC75E5-0ED8-4922-BC3A-730FABD73D73}.Release|Any CPU.ActiveCfg = Release|Any CPU
		{6DBC75E5-0ED8-4922-BC3A-730FABD73D73}.Release|Any CPU.Build.0 = Release|Any CPU
		{EEA6D687-936A-4061-A55E-B131122865BA}.Debug|Any CPU.ActiveCfg = Debug|Any CPU
		{EEA6D687-936A-4061-A55E-B131122865BA}.Debug|Any CPU.Build.0 = Debug|Any CPU
		{EEA6D687-936A-4061-A55E-B131122865BA}.Release|Any CPU.ActiveCfg = Release|Any CPU
		{EEA6D687-936A-4061-A55E-B131122865BA}.Release|Any CPU.Build.0 = Release|Any CPU
		{6942E44F-06C5-4B32-B234-BEE15CD2A3E8}.Debug|Any CPU.ActiveCfg = Debug|Any CPU
		{6942E44F-06C5-4B32-B234-BEE15CD2A3E8}.Debug|Any CPU.Build.0 = Debug|Any CPU
		{6942E44F-06C5-4B32-B234-BEE15CD2A3E8}.Release|Any CPU.ActiveCfg = Release|Any CPU
		{6942E44F-06C5-4B32-B234-BEE15CD2A3E8}.Release|Any CPU.Build.0 = Release|Any CPU
		{6A4DC5FC-5C1A-4653-821F-C41FE06C2A77}.Debug|Any CPU.ActiveCfg = Debug|Any CPU
		{6A4DC5FC-5C1A-4653-821F-C41FE06C2A77}.Debug|Any CPU.Build.0 = Debug|Any CPU
		{6A4DC5FC-5C1A-4653-821F-C41FE06C2A77}.Release|Any CPU.ActiveCfg = Release|Any CPU
		{6A4DC5FC-5C1A-4653-821F-C41FE06C2A77}.Release|Any CPU.Build.0 = Release|Any CPU
		{0DA62195-3274-4854-91EB-91913C8F1C65}.Debug|Any CPU.ActiveCfg = Debug|Any CPU
		{0DA62195-3274-4854-91EB-91913C8F1C65}.Debug|Any CPU.Build.0 = Debug|Any CPU
		{0DA62195-3274-4854-91EB-91913C8F1C65}.Release|Any CPU.ActiveCfg = Release|Any CPU
		{0DA62195-3274-4854-91EB-91913C8F1C65}.Release|Any CPU.Build.0 = Release|Any CPU
		{2BD9993B-78A6-4671-9C11-EE52443CA6D5}.Debug|Any CPU.ActiveCfg = Debug|Any CPU
		{2BD9993B-78A6-4671-9C11-EE52443CA6D5}.Debug|Any CPU.Build.0 = Debug|Any CPU
		{2BD9993B-78A6-4671-9C11-EE52443CA6D5}.Release|Any CPU.ActiveCfg = Release|Any CPU
		{2BD9993B-78A6-4671-9C11-EE52443CA6D5}.Release|Any CPU.Build.0 = Release|Any CPU
		{959DDD38-B635-4F13-9A9F-E7F3CCB2B003}.Debug|Any CPU.ActiveCfg = Debug|Any CPU
		{959DDD38-B635-4F13-9A9F-E7F3CCB2B003}.Debug|Any CPU.Build.0 = Debug|Any CPU
		{959DDD38-B635-4F13-9A9F-E7F3CCB2B003}.Release|Any CPU.ActiveCfg = Release|Any CPU
		{959DDD38-B635-4F13-9A9F-E7F3CCB2B003}.Release|Any CPU.Build.0 = Release|Any CPU
		{646FA0FC-0542-4D8A-9F20-C7BB048BD5C6}.Debug|Any CPU.ActiveCfg = Debug|Any CPU
		{646FA0FC-0542-4D8A-9F20-C7BB048BD5C6}.Debug|Any CPU.Build.0 = Debug|Any CPU
		{646FA0FC-0542-4D8A-9F20-C7BB048BD5C6}.Release|Any CPU.ActiveCfg = Release|Any CPU
		{646FA0FC-0542-4D8A-9F20-C7BB048BD5C6}.Release|Any CPU.Build.0 = Release|Any CPU
		{C375CB9F-318B-428C-92A1-4F5AEA1A900B}.Debug|Any CPU.ActiveCfg = Debug|Any CPU
		{C375CB9F-318B-428C-92A1-4F5AEA1A900B}.Debug|Any CPU.Build.0 = Debug|Any CPU
		{C375CB9F-318B-428C-92A1-4F5AEA1A900B}.Release|Any CPU.ActiveCfg = Release|Any CPU
		{C375CB9F-318B-428C-92A1-4F5AEA1A900B}.Release|Any CPU.Build.0 = Release|Any CPU
		{71775ABB-B8D3-450B-8F0A-B07DB89B7611}.Debug|Any CPU.ActiveCfg = Debug|Any CPU
		{71775ABB-B8D3-450B-8F0A-B07DB89B7611}.Debug|Any CPU.Build.0 = Debug|Any CPU
		{71775ABB-B8D3-450B-8F0A-B07DB89B7611}.Release|Any CPU.ActiveCfg = Release|Any CPU
		{71775ABB-B8D3-450B-8F0A-B07DB89B7611}.Release|Any CPU.Build.0 = Release|Any CPU
		{C7BF9701-2CD2-43DD-B912-DFF5418E1558}.Debug|Any CPU.ActiveCfg = Debug|Any CPU
		{C7BF9701-2CD2-43DD-B912-DFF5418E1558}.Debug|Any CPU.Build.0 = Debug|Any CPU
		{C7BF9701-2CD2-43DD-B912-DFF5418E1558}.Release|Any CPU.ActiveCfg = Release|Any CPU
		{C7BF9701-2CD2-43DD-B912-DFF5418E1558}.Release|Any CPU.Build.0 = Release|Any CPU
		{8644C1E8-AE90-476C-B70D-D52C11B292EB}.Debug|Any CPU.ActiveCfg = Debug|Any CPU
		{8644C1E8-AE90-476C-B70D-D52C11B292EB}.Debug|Any CPU.Build.0 = Debug|Any CPU
		{8644C1E8-AE90-476C-B70D-D52C11B292EB}.Release|Any CPU.ActiveCfg = Release|Any CPU
		{8644C1E8-AE90-476C-B70D-D52C11B292EB}.Release|Any CPU.Build.0 = Release|Any CPU
	EndGlobalSection
	GlobalSection(SolutionProperties) = preSolution
		HideSolutionNode = FALSE
	EndGlobalSection
	GlobalSection(NestedProjects) = preSolution
		{6DBC75E5-0ED8-4922-BC3A-730FABD73D73} = {3C3090DB-C19F-4A49-8988-AAF8323C29F2}
		{EEA6D687-936A-4061-A55E-B131122865BA} = {3C3090DB-C19F-4A49-8988-AAF8323C29F2}
		{6942E44F-06C5-4B32-B234-BEE15CD2A3E8} = {3C3090DB-C19F-4A49-8988-AAF8323C29F2}
		{6A4DC5FC-5C1A-4653-821F-C41FE06C2A77} = {FC1AAEC8-472A-4B90-B058-EFDE9E0A7B1E}
		{0DA62195-3274-4854-91EB-91913C8F1C65} = {FC1AAEC8-472A-4B90-B058-EFDE9E0A7B1E}
		{2BD9993B-78A6-4671-9C11-EE52443CA6D5} = {FC1AAEC8-472A-4B90-B058-EFDE9E0A7B1E}
		{959DDD38-B635-4F13-9A9F-E7F3CCB2B003} = {4B923BDA-2BC6-4424-A177-CB49C8ED1E35}
		{646FA0FC-0542-4D8A-9F20-C7BB048BD5C6} = {4B923BDA-2BC6-4424-A177-CB49C8ED1E35}
		{C375CB9F-318B-428C-92A1-4F5AEA1A900B} = {4B923BDA-2BC6-4424-A177-CB49C8ED1E35}
		{71775ABB-B8D3-450B-8F0A-B07DB89B7611} = {D3D1CE34-9BAC-441B-BC34-02383EF7DFC5}
		{C7BF9701-2CD2-43DD-B912-DFF5418E1558} = {D3D1CE34-9BAC-441B-BC34-02383EF7DFC5}
		{8644C1E8-AE90-476C-B70D-D52C11B292EB} = {D3D1CE34-9BAC-441B-BC34-02383EF7DFC5}
	EndGlobalSection
	GlobalSection(ExtensibilityGlobals) = postSolution
		SolutionGuid = {12D53AB0-CAAF-40F5-87BF-6F49E1C71BFD}
	EndGlobalSection
EndGlobal
